
Microsoft Visual Studio Solution File, Format Version 12.00
# Visual Studio Version 16
VisualStudioVersion = 16.0.29709.97
MinimumVisualStudioVersion = 10.0.40219.1
Project("{FAE04EC0-301F-11D3-BF4B-00C04F79EFBC}") = "Hello World.Android", "Hello World.Android\Hello World.Android.csproj", "{8C6D2AF5-94A1-47EA-B641-1CE3E8B36DF2}"
EndProject
Project("{FAE04EC0-301F-11D3-BF4B-00C04F79EFBC}") = "Hello World.iOS", "Hello World.iOS\Hello World.iOS.csproj", "{67ABC1E4-CE11-44D2-A249-CCD2C1480F32}"
EndProject
Project("{9A19103F-16F7-4668-BE54-9A1E7A4F7556}") = "Hello World", "Hello World\Hello World.csproj", "{5AF8CF8C-F77A-426C-AADB-AE30B033070E}"
EndProject
Project("{FAE04EC0-301F-11D3-BF4B-00C04F79EFBC}") = "Hello World.UWP", "Hello World.Forms.UWP\Hello World.UWP.csproj", "{F53537DC-1EEA-487E-B0E2-A8BA2F81A69D}"
EndProject
Global
	GlobalSection(SolutionConfigurationPlatforms) = preSolution
		Debug|Any CPU = Debug|Any CPU
		Debug|ARM = Debug|ARM
		Debug|ARM64 = Debug|ARM64
		Debug|iPhone = Debug|iPhone
		Debug|iPhoneSimulator = Debug|iPhoneSimulator
		Debug|x64 = Debug|x64
		Debug|x86 = Debug|x86
		Release|Any CPU = Release|Any CPU
		Release|ARM = Release|ARM
		Release|ARM64 = Release|ARM64
		Release|iPhone = Release|iPhone
		Release|iPhoneSimulator = Release|iPhoneSimulator
		Release|x64 = Release|x64
		Release|x86 = Release|x86
	EndGlobalSection
	GlobalSection(ProjectConfigurationPlatforms) = postSolution
		{8C6D2AF5-94A1-47EA-B641-1CE3E8B36DF2}.Debug|Any CPU.ActiveCfg = Debug|Any CPU
		{8C6D2AF5-94A1-47EA-B641-1CE3E8B36DF2}.Debug|Any CPU.Build.0 = Debug|Any CPU
		{8C6D2AF5-94A1-47EA-B641-1CE3E8B36DF2}.Debug|Any CPU.Deploy.0 = Debug|Any CPU
		{8C6D2AF5-94A1-47EA-B641-1CE3E8B36DF2}.Debug|ARM.ActiveCfg = Debug|Any CPU
		{8C6D2AF5-94A1-47EA-B641-1CE3E8B36DF2}.Debug|ARM.Build.0 = Debug|Any CPU
		{8C6D2AF5-94A1-47EA-B641-1CE3E8B36DF2}.Debug|ARM.Deploy.0 = Debug|Any CPU
		{8C6D2AF5-94A1-47EA-B641-1CE3E8B36DF2}.Debug|ARM64.ActiveCfg = Debug|Any CPU
		{8C6D2AF5-94A1-47EA-B641-1CE3E8B36DF2}.Debug|ARM64.Build.0 = Debug|Any CPU
		{8C6D2AF5-94A1-47EA-B641-1CE3E8B36DF2}.Debug|ARM64.Deploy.0 = Debug|Any CPU
		{8C6D2AF5-94A1-47EA-B641-1CE3E8B36DF2}.Debug|iPhone.ActiveCfg = Debug|Any CPU
		{8C6D2AF5-94A1-47EA-B641-1CE3E8B36DF2}.Debug|iPhone.Build.0 = Debug|Any CPU
		{8C6D2AF5-94A1-47EA-B641-1CE3E8B36DF2}.Debug|iPhone.Deploy.0 = Debug|Any CPU
		{8C6D2AF5-94A1-47EA-B641-1CE3E8B36DF2}.Debug|iPhoneSimulator.ActiveCfg = Debug|Any CPU
		{8C6D2AF5-94A1-47EA-B641-1CE3E8B36DF2}.Debug|iPhoneSimulator.Build.0 = Debug|Any CPU
		{8C6D2AF5-94A1-47EA-B641-1CE3E8B36DF2}.Debug|iPhoneSimulator.Deploy.0 = Debug|Any CPU
		{8C6D2AF5-94A1-47EA-B641-1CE3E8B36DF2}.Debug|x64.ActiveCfg = Debug|Any CPU
		{8C6D2AF5-94A1-47EA-B641-1CE3E8B36DF2}.Debug|x64.Build.0 = Debug|Any CPU
		{8C6D2AF5-94A1-47EA-B641-1CE3E8B36DF2}.Debug|x64.Deploy.0 = Debug|Any CPU
		{8C6D2AF5-94A1-47EA-B641-1CE3E8B36DF2}.Debug|x86.ActiveCfg = Debug|Any CPU
		{8C6D2AF5-94A1-47EA-B641-1CE3E8B36DF2}.Debug|x86.Build.0 = Debug|Any CPU
		{8C6D2AF5-94A1-47EA-B641-1CE3E8B36DF2}.Debug|x86.Deploy.0 = Debug|Any CPU
		{8C6D2AF5-94A1-47EA-B641-1CE3E8B36DF2}.Release|Any CPU.ActiveCfg = Release|Any CPU
		{8C6D2AF5-94A1-47EA-B641-1CE3E8B36DF2}.Release|Any CPU.Build.0 = Release|Any CPU
		{8C6D2AF5-94A1-47EA-B641-1CE3E8B36DF2}.Release|Any CPU.Deploy.0 = Release|Any CPU
		{8C6D2AF5-94A1-47EA-B641-1CE3E8B36DF2}.Release|ARM.ActiveCfg = Release|Any CPU
		{8C6D2AF5-94A1-47EA-B641-1CE3E8B36DF2}.Release|ARM.Build.0 = Release|Any CPU
		{8C6D2AF5-94A1-47EA-B641-1CE3E8B36DF2}.Release|ARM.Deploy.0 = Release|Any CPU
		{8C6D2AF5-94A1-47EA-B641-1CE3E8B36DF2}.Release|ARM64.ActiveCfg = Release|Any CPU
		{8C6D2AF5-94A1-47EA-B641-1CE3E8B36DF2}.Release|ARM64.Build.0 = Release|Any CPU
		{8C6D2AF5-94A1-47EA-B641-1CE3E8B36DF2}.Release|ARM64.Deploy.0 = Release|Any CPU
		{8C6D2AF5-94A1-47EA-B641-1CE3E8B36DF2}.Release|iPhone.ActiveCfg = Release|Any CPU
		{8C6D2AF5-94A1-47EA-B641-1CE3E8B36DF2}.Release|iPhone.Build.0 = Release|Any CPU
		{8C6D2AF5-94A1-47EA-B641-1CE3E8B36DF2}.Release|iPhone.Deploy.0 = Release|Any CPU
		{8C6D2AF5-94A1-47EA-B641-1CE3E8B36DF2}.Release|iPhoneSimulator.ActiveCfg = Release|Any CPU
		{8C6D2AF5-94A1-47EA-B641-1CE3E8B36DF2}.Release|iPhoneSimulator.Build.0 = Release|Any CPU
		{8C6D2AF5-94A1-47EA-B641-1CE3E8B36DF2}.Release|iPhoneSimulator.Deploy.0 = Release|Any CPU
		{8C6D2AF5-94A1-47EA-B641-1CE3E8B36DF2}.Release|x64.ActiveCfg = Release|Any CPU
		{8C6D2AF5-94A1-47EA-B641-1CE3E8B36DF2}.Release|x64.Build.0 = Release|Any CPU
		{8C6D2AF5-94A1-47EA-B641-1CE3E8B36DF2}.Release|x64.Deploy.0 = Release|Any CPU
		{8C6D2AF5-94A1-47EA-B641-1CE3E8B36DF2}.Release|x86.ActiveCfg = Release|Any CPU
		{8C6D2AF5-94A1-47EA-B641-1CE3E8B36DF2}.Release|x86.Build.0 = Release|Any CPU
		{8C6D2AF5-94A1-47EA-B641-1CE3E8B36DF2}.Release|x86.Deploy.0 = Release|Any CPU
		{67ABC1E4-CE11-44D2-A249-CCD2C1480F32}.Debug|Any CPU.ActiveCfg = Debug|iPhoneSimulator
		{67ABC1E4-CE11-44D2-A249-CCD2C1480F32}.Debug|Any CPU.Build.0 = Debug|iPhoneSimulator
		{67ABC1E4-CE11-44D2-A249-CCD2C1480F32}.Debug|Any CPU.Deploy.0 = Debug|iPhoneSimulator
		{67ABC1E4-CE11-44D2-A249-CCD2C1480F32}.Debug|ARM.ActiveCfg = Debug|iPhone
		{67ABC1E4-CE11-44D2-A249-CCD2C1480F32}.Debug|ARM64.ActiveCfg = Debug|iPhone
		{67ABC1E4-CE11-44D2-A249-CCD2C1480F32}.Debug|iPhone.ActiveCfg = Debug|iPhone
		{67ABC1E4-CE11-44D2-A249-CCD2C1480F32}.Debug|iPhone.Build.0 = Debug|iPhone
		{67ABC1E4-CE11-44D2-A249-CCD2C1480F32}.Debug|iPhone.Deploy.0 = Debug|iPhone
		{67ABC1E4-CE11-44D2-A249-CCD2C1480F32}.Debug|iPhoneSimulator.ActiveCfg = Debug|iPhoneSimulator
		{67ABC1E4-CE11-44D2-A249-CCD2C1480F32}.Debug|iPhoneSimulator.Build.0 = Debug|iPhoneSimulator
		{67ABC1E4-CE11-44D2-A249-CCD2C1480F32}.Debug|iPhoneSimulator.Deploy.0 = Debug|iPhoneSimulator
		{67ABC1E4-CE11-44D2-A249-CCD2C1480F32}.Debug|x64.ActiveCfg = Debug|iPhone
		{67ABC1E4-CE11-44D2-A249-CCD2C1480F32}.Debug|x86.ActiveCfg = Debug|iPhone
		{67ABC1E4-CE11-44D2-A249-CCD2C1480F32}.Release|Any CPU.ActiveCfg = Release|iPhone
		{67ABC1E4-CE11-44D2-A249-CCD2C1480F32}.Release|Any CPU.Build.0 = Release|iPhone
		{67ABC1E4-CE11-44D2-A249-CCD2C1480F32}.Release|Any CPU.Deploy.0 = Release|iPhone
		{67ABC1E4-CE11-44D2-A249-CCD2C1480F32}.Release|ARM.ActiveCfg = Release|iPhoneSimulator
		{67ABC1E4-CE11-44D2-A249-CCD2C1480F32}.Release|ARM64.ActiveCfg = Release|iPhoneSimulator
		{67ABC1E4-CE11-44D2-A249-CCD2C1480F32}.Release|iPhone.ActiveCfg = Release|iPhone
		{67ABC1E4-CE11-44D2-A249-CCD2C1480F32}.Release|iPhone.Build.0 = Release|iPhone
		{67ABC1E4-CE11-44D2-A249-CCD2C1480F32}.Release|iPhone.Deploy.0 = Release|iPhone
		{67ABC1E4-CE11-44D2-A249-CCD2C1480F32}.Release|iPhoneSimulator.ActiveCfg = Release|iPhoneSimulator
		{67ABC1E4-CE11-44D2-A249-CCD2C1480F32}.Release|iPhoneSimulator.Build.0 = Release|iPhoneSimulator
		{67ABC1E4-CE11-44D2-A249-CCD2C1480F32}.Release|iPhoneSimulator.Deploy.0 = Release|iPhoneSimulator
		{67ABC1E4-CE11-44D2-A249-CCD2C1480F32}.Release|x64.ActiveCfg = Release|iPhoneSimulator
		{67ABC1E4-CE11-44D2-A249-CCD2C1480F32}.Release|x86.ActiveCfg = Release|iPhoneSimulator
		{5AF8CF8C-F77A-426C-AADB-AE30B033070E}.Debug|Any CPU.ActiveCfg = Debug|Any CPU
		{5AF8CF8C-F77A-426C-AADB-AE30B033070E}.Debug|Any CPU.Build.0 = Debug|Any CPU
		{5AF8CF8C-F77A-426C-AADB-AE30B033070E}.Debug|Any CPU.Deploy.0 = Debug|Any CPU
		{5AF8CF8C-F77A-426C-AADB-AE30B033070E}.Debug|ARM.ActiveCfg = Debug|Any CPU
		{5AF8CF8C-F77A-426C-AADB-AE30B033070E}.Debug|ARM.Build.0 = Debug|Any CPU
		{5AF8CF8C-F77A-426C-AADB-AE30B033070E}.Debug|ARM64.ActiveCfg = Debug|Any CPU
		{5AF8CF8C-F77A-426C-AADB-AE30B033070E}.Debug|ARM64.Build.0 = Debug|Any CPU
		{5AF8CF8C-F77A-426C-AADB-AE30B033070E}.Debug|iPhone.ActiveCfg = Debug|Any CPU
		{5AF8CF8C-F77A-426C-AADB-AE30B033070E}.Debug|iPhone.Build.0 = Debug|Any CPU
		{5AF8CF8C-F77A-426C-AADB-AE30B033070E}.Debug|iPhone.Deploy.0 = Debug|Any CPU
		{5AF8CF8C-F77A-426C-AADB-AE30B033070E}.Debug|iPhoneSimulator.ActiveCfg = Debug|Any CPU
		{5AF8CF8C-F77A-426C-AADB-AE30B033070E}.Debug|iPhoneSimulator.Build.0 = Debug|Any CPU
		{5AF8CF8C-F77A-426C-AADB-AE30B033070E}.Debug|iPhoneSimulator.Deploy.0 = Debug|Any CPU
		{5AF8CF8C-F77A-426C-AADB-AE30B033070E}.Debug|x64.ActiveCfg = Debug|Any CPU
		{5AF8CF8C-F77A-426C-AADB-AE30B033070E}.Debug|x64.Build.0 = Debug|Any CPU
		{5AF8CF8C-F77A-426C-AADB-AE30B033070E}.Debug|x86.ActiveCfg = Debug|Any CPU
		{5AF8CF8C-F77A-426C-AADB-AE30B033070E}.Debug|x86.Build.0 = Debug|Any CPU
		{5AF8CF8C-F77A-426C-AADB-AE30B033070E}.Release|Any CPU.ActiveCfg = Release|Any CPU
		{5AF8CF8C-F77A-426C-AADB-AE30B033070E}.Release|Any CPU.Build.0 = Release|Any CPU
		{5AF8CF8C-F77A-426C-AADB-AE30B033070E}.Release|Any CPU.Deploy.0 = Release|Any CPU
		{5AF8CF8C-F77A-426C-AADB-AE30B033070E}.Release|ARM.ActiveCfg = Release|Any CPU
		{5AF8CF8C-F77A-426C-AADB-AE30B033070E}.Release|ARM.Build.0 = Release|Any CPU
		{5AF8CF8C-F77A-426C-AADB-AE30B033070E}.Release|ARM64.ActiveCfg = Release|Any CPU
		{5AF8CF8C-F77A-426C-AADB-AE30B033070E}.Release|ARM64.Build.0 = Release|Any CPU
		{5AF8CF8C-F77A-426C-AADB-AE30B033070E}.Release|iPhone.ActiveCfg = Release|Any CPU
		{5AF8CF8C-F77A-426C-AADB-AE30B033070E}.Release|iPhone.Build.0 = Release|Any CPU
		{5AF8CF8C-F77A-426C-AADB-AE30B033070E}.Release|iPhone.Deploy.0 = Release|Any CPU
		{5AF8CF8C-F77A-426C-AADB-AE30B033070E}.Release|iPhoneSimulator.ActiveCfg = Release|Any CPU
		{5AF8CF8C-F77A-426C-AADB-AE30B033070E}.Release|iPhoneSimulator.Build.0 = Release|Any CPU
		{5AF8CF8C-F77A-426C-AADB-AE30B033070E}.Release|iPhoneSimulator.Deploy.0 = Release|Any CPU
		{5AF8CF8C-F77A-426C-AADB-AE30B033070E}.Release|x64.ActiveCfg = Release|Any CPU
		{5AF8CF8C-F77A-426C-AADB-AE30B033070E}.Release|x64.Build.0 = Release|Any CPU
		{5AF8CF8C-F77A-426C-AADB-AE30B033070E}.Release|x86.ActiveCfg = Release|Any CPU
		{5AF8CF8C-F77A-426C-AADB-AE30B033070E}.Release|x86.Build.0 = Release|Any CPU
		{F53537DC-1EEA-487E-B0E2-A8BA2F81A69D}.Debug|Any CPU.ActiveCfg = Debug|x86
		{F53537DC-1EEA-487E-B0E2-A8BA2F81A69D}.Debug|ARM.ActiveCfg = Debug|ARM
		{F53537DC-1EEA-487E-B0E2-A8BA2F81A69D}.Debug|ARM.Build.0 = Debug|ARM
		{F53537DC-1EEA-487E-B0E2-A8BA2F81A69D}.Debug|ARM.Deploy.0 = Debug|ARM
		{F53537DC-1EEA-487E-B0E2-A8BA2F81A69D}.Debug|ARM64.ActiveCfg = Debug|ARM64
		{F53537DC-1EEA-487E-B0E2-A8BA2F81A69D}.Debug|ARM64.Build.0 = Debug|ARM64
		{F53537DC-1EEA-487E-B0E2-A8BA2F81A69D}.Debug|ARM64.Deploy.0 = Debug|ARM64
		{F53537DC-1EEA-487E-B0E2-A8BA2F81A69D}.Debug|iPhone.ActiveCfg = Debug|x86
		{F53537DC-1EEA-487E-B0E2-A8BA2F81A69D}.Debug|iPhoneSimulator.ActiveCfg = Debug|x86
		{F53537DC-1EEA-487E-B0E2-A8BA2F81A69D}.Debug|x64.ActiveCfg = Debug|x64
		{F53537DC-1EEA-487E-B0E2-A8BA2F81A69D}.Debug|x64.Build.0 = Debug|x64
		{F53537DC-1EEA-487E-B0E2-A8BA2F81A69D}.Debug|x64.Deploy.0 = Debug|x64
		{F53537DC-1EEA-487E-B0E2-A8BA2F81A69D}.Debug|x86.ActiveCfg = Debug|x86
		{F53537DC-1EEA-487E-B0E2-A8BA2F81A69D}.Debug|x86.Build.0 = Debug|x86
		{F53537DC-1EEA-487E-B0E2-A8BA2F81A69D}.Debug|x86.Deploy.0 = Debug|x86
		{F53537DC-1EEA-487E-B0E2-A8BA2F81A69D}.Release|Any CPU.ActiveCfg = Release|x86
		{F53537DC-1EEA-487E-B0E2-A8BA2F81A69D}.Release|ARM.ActiveCfg = Release|ARM
		{F53537DC-1EEA-487E-B0E2-A8BA2F81A69D}.Release|ARM.Build.0 = Release|ARM
		{F53537DC-1EEA-487E-B0E2-A8BA2F81A69D}.Release|ARM.Deploy.0 = Release|ARM
		{F53537DC-1EEA-487E-B0E2-A8BA2F81A69D}.Release|ARM64.ActiveCfg = Release|ARM64
		{F53537DC-1EEA-487E-B0E2-A8BA2F81A69D}.Release|ARM64.Build.0 = Release|ARM64
		{F53537DC-1EEA-487E-B0E2-A8BA2F81A69D}.Release|ARM64.Deploy.0 = Release|ARM64
		{F53537DC-1EEA-487E-B0E2-A8BA2F81A69D}.Release|iPhone.ActiveCfg = Release|x86
		{F53537DC-1EEA-487E-B0E2-A8BA2F81A69D}.Release|iPhoneSimulator.ActiveCfg = Release|x86
		{F53537DC-1EEA-487E-B0E2-A8BA2F81A69D}.Release|x64.ActiveCfg = Release|x64
		{F53537DC-1EEA-487E-B0E2-A8BA2F81A69D}.Release|x64.Build.0 = Release|x64
		{F53537DC-1EEA-487E-B0E2-A8BA2F81A69D}.Release|x64.Deploy.0 = Release|x64
		{F53537DC-1EEA-487E-B0E2-A8BA2F81A69D}.Release|x86.ActiveCfg = Release|x86
		{F53537DC-1EEA-487E-B0E2-A8BA2F81A69D}.Release|x86.Build.0 = Release|x86
		{F53537DC-1EEA-487E-B0E2-A8BA2F81A69D}.Release|x86.Deploy.0 = Release|x86
	EndGlobalSection
	GlobalSection(SolutionProperties) = preSolution
		HideSolutionNode = FALSE
	EndGlobalSection
	GlobalSection(ExtensibilityGlobals) = postSolution
		SolutionGuid = {70447768-E604-477D-85F8-BAA7E1AE6FAE}
	EndGlobalSection
EndGlobal
